
Microsoft Visual Studio Solution File, Format Version 12.00
# Visual Studio Version 17
VisualStudioVersion = 17.4.33122.133
MinimumVisualStudioVersion = 10.0.40219.1
Project("{FAE04EC0-301F-11D3-BF4B-00C04F79EFBC}") = "RestoranLes1", "RestoranLes1\RestoranLes1.csproj", "{E5D035D3-9527-4FE4-B2A0-8547862B9D48}"
EndProject
Global
	GlobalSection(SolutionConfigurationPlatforms) = preSolution
		Debug|Any CPU = Debug|Any CPU
		Release|Any CPU = Release|Any CPU
	EndGlobalSection
	GlobalSection(ProjectConfigurationPlatforms) = postSolution
		{E5D035D3-9527-4FE4-B2A0-8547862B9D48}.Debug|Any CPU.ActiveCfg = Debug|Any CPU
		{E5D035D3-9527-4FE4-B2A0-8547862B9D48}.Debug|Any CPU.Build.0 = Debug|Any CPU
		{E5D035D3-9527-4FE4-B2A0-8547862B9D48}.Release|Any CPU.ActiveCfg = Release|Any CPU
		{E5D035D3-9527-4FE4-B2A0-8547862B9D48}.Release|Any CPU.Build.0 = Release|Any CPU
	EndGlobalSection
	GlobalSection(SolutionProperties) = preSolution
		HideSolutionNode = FALSE
	EndGlobalSection
	GlobalSection(ExtensibilityGlobals) = postSolution
		SolutionGuid = {719C36E3-5D29-44CF-8F50-7EEA781E709A}
	EndGlobalSection
EndGlobal
